
Microsoft Visual Studio Solution File, Format Version 12.00
# Visual Studio Version 17
VisualStudioVersion = 17.9.34902.65
MinimumVisualStudioVersion = 10.0.40219.1
Project("{FAE04EC0-301F-11D3-BF4B-00C04F79EFBC}") = "Tzn Otel Otomasyon", "Tzn Otel Otomasyon\Tzn Otel Otomasyon.csproj", "{EA9ED407-386A-4DFE-95D4-DC1ABF4A6A81}"
EndProject
Global
	GlobalSection(SolutionConfigurationPlatforms) = preSolution
		Debug|Any CPU = Debug|Any CPU
		Release|Any CPU = Release|Any CPU
	EndGlobalSection
	GlobalSection(ProjectConfigurationPlatforms) = postSolution
		{EA9ED407-386A-4DFE-95D4-DC1ABF4A6A81}.Debug|Any CPU.ActiveCfg = Debug|Any CPU
		{EA9ED407-386A-4DFE-95D4-DC1ABF4A6A81}.Debug|Any CPU.Build.0 = Debug|Any CPU
		{EA9ED407-386A-4DFE-95D4-DC1ABF4A6A81}.Release|Any CPU.ActiveCfg = Release|Any CPU
		{EA9ED407-386A-4DFE-95D4-DC1ABF4A6A81}.Release|Any CPU.Build.0 = Release|Any CPU
	EndGlobalSection
	GlobalSection(SolutionProperties) = preSolution
		HideSolutionNode = FALSE
	EndGlobalSection
	GlobalSection(ExtensibilityGlobals) = postSolution
		SolutionGuid = {14741EAC-0E21-4174-84F7-D4B5EEE65EC8}
	EndGlobalSection
EndGlobal
